
Microsoft Visual Studio Solution File, Format Version 12.00
# Visual Studio Version 16
VisualStudioVersion = 16.0.29519.87
MinimumVisualStudioVersion = 10.0.40219.1
Project("{9A19103F-16F7-4668-BE54-9A1E7A4F7556}") = "StockWebAPI", "StockWebAPI\StockWebAPI.csproj", "{6E570EB9-581E-4521-BA1D-4DB942CC6342}"
EndProject
Project("{FAE04EC0-301F-11D3-BF4B-00C04F79EFBC}") = "DataBaseManage", "SqlTestProject\DataBaseManage.csproj", "{EDE61C3B-5F5E-45DE-8158-A38DA4731CBC}"
EndProject
Global
	GlobalSection(SolutionConfigurationPlatforms) = preSolution
		Debug|Any CPU = Debug|Any CPU
		Release|Any CPU = Release|Any CPU
	EndGlobalSection
	GlobalSection(ProjectConfigurationPlatforms) = postSolution
		{6E570EB9-581E-4521-BA1D-4DB942CC6342}.Debug|Any CPU.ActiveCfg = Debug|Any CPU
		{6E570EB9-581E-4521-BA1D-4DB942CC6342}.Debug|Any CPU.Build.0 = Debug|Any CPU
		{6E570EB9-581E-4521-BA1D-4DB942CC6342}.Release|Any CPU.ActiveCfg = Release|Any CPU
		{6E570EB9-581E-4521-BA1D-4DB942CC6342}.Release|Any CPU.Build.0 = Release|Any CPU
		{EDE61C3B-5F5E-45DE-8158-A38DA4731CBC}.Debug|Any CPU.ActiveCfg = Debug|Any CPU
		{EDE61C3B-5F5E-45DE-8158-A38DA4731CBC}.Debug|Any CPU.Build.0 = Debug|Any CPU
		{EDE61C3B-5F5E-45DE-8158-A38DA4731CBC}.Release|Any CPU.ActiveCfg = Release|Any CPU
		{EDE61C3B-5F5E-45DE-8158-A38DA4731CBC}.Release|Any CPU.Build.0 = Release|Any CPU
	EndGlobalSection
	GlobalSection(SolutionProperties) = preSolution
		HideSolutionNode = FALSE
	EndGlobalSection
	GlobalSection(ExtensibilityGlobals) = postSolution
		SolutionGuid = {55DFB6BE-F45E-4B26-82AF-97DE8415FE7E}
	EndGlobalSection
EndGlobal
